
Microsoft Visual Studio Solution File, Format Version 12.00
# Visual Studio Version 17
VisualStudioVersion = 17.9.34701.34
MinimumVisualStudioVersion = 10.0.40219.1
Project("{8BC9CEB8-8B4A-11D0-8D11-00A0C91BC942}") = "BAI01", "BAI01\BAI01.vcxproj", "{A49FE4FD-A9EE-4DEA-8BBC-2E3641D48AE8}"
EndProject
Project("{8BC9CEB8-8B4A-11D0-8D11-00A0C91BC942}") = "BAI02", "BAI02\BAI02.vcxproj", "{EB207E51-DF89-4AC7-8B9B-F3814156FE1D}"
EndProject
Project("{8BC9CEB8-8B4A-11D0-8D11-00A0C91BC942}") = "BAI03", "BAI03\BAI03.vcxproj", "{90062AF6-B33B-4028-BF22-4A9C2028845F}"
EndProject
Project("{8BC9CEB8-8B4A-11D0-8D11-00A0C91BC942}") = "BAI04", "BAI04\BAI04.vcxproj", "{1C167792-E95D-4D3B-B908-15B9DD36CE2E}"
EndProject
Global
	GlobalSection(SolutionConfigurationPlatforms) = preSolution
		Debug|x64 = Debug|x64
		Debug|x86 = Debug|x86
		Release|x64 = Release|x64
		Release|x86 = Release|x86
	EndGlobalSection
	GlobalSection(ProjectConfigurationPlatforms) = postSolution
		{A49FE4FD-A9EE-4DEA-8BBC-2E3641D48AE8}.Debug|x64.ActiveCfg = Debug|x64
		{A49FE4FD-A9EE-4DEA-8BBC-2E3641D48AE8}.Debug|x64.Build.0 = Debug|x64
		{A49FE4FD-A9EE-4DEA-8BBC-2E3641D48AE8}.Debug|x86.ActiveCfg = Debug|Win32
		{A49FE4FD-A9EE-4DEA-8BBC-2E3641D48AE8}.Debug|x86.Build.0 = Debug|Win32
		{A49FE4FD-A9EE-4DEA-8BBC-2E3641D48AE8}.Release|x64.ActiveCfg = Release|x64
		{A49FE4FD-A9EE-4DEA-8BBC-2E3641D48AE8}.Release|x64.Build.0 = Release|x64
		{A49FE4FD-A9EE-4DEA-8BBC-2E3641D48AE8}.Release|x86.ActiveCfg = Release|Win32
		{A49FE4FD-A9EE-4DEA-8BBC-2E3641D48AE8}.Release|x86.Build.0 = Release|Win32
		{EB207E51-DF89-4AC7-8B9B-F3814156FE1D}.Debug|x64.ActiveCfg = Debug|x64
		{EB207E51-DF89-4AC7-8B9B-F3814156FE1D}.Debug|x64.Build.0 = Debug|x64
		{EB207E51-DF89-4AC7-8B9B-F3814156FE1D}.Debug|x86.ActiveCfg = Debug|Win32
		{EB207E51-DF89-4AC7-8B9B-F3814156FE1D}.Debug|x86.Build.0 = Debug|Win32
		{EB207E51-DF89-4AC7-8B9B-F3814156FE1D}.Release|x64.ActiveCfg = Release|x64
		{EB207E51-DF89-4AC7-8B9B-F3814156FE1D}.Release|x64.Build.0 = Release|x64
		{EB207E51-DF89-4AC7-8B9B-F3814156FE1D}.Release|x86.ActiveCfg = Release|Win32
		{EB207E51-DF89-4AC7-8B9B-F3814156FE1D}.Release|x86.Build.0 = Release|Win32
		{90062AF6-B33B-4028-BF22-4A9C2028845F}.Debug|x64.ActiveCfg = Debug|x64
		{90062AF6-B33B-4028-BF22-4A9C2028845F}.Debug|x64.Build.0 = Debug|x64
		{90062AF6-B33B-4028-BF22-4A9C2028845F}.Debug|x86.ActiveCfg = Debug|Win32
		{90062AF6-B33B-4028-BF22-4A9C2028845F}.Debug|x86.Build.0 = Debug|Win32
		{90062AF6-B33B-4028-BF22-4A9C2028845F}.Release|x64.ActiveCfg = Release|x64
		{90062AF6-B33B-4028-BF22-4A9C2028845F}.Release|x64.Build.0 = Release|x64
		{90062AF6-B33B-4028-BF22-4A9C2028845F}.Release|x86.ActiveCfg = Release|Win32
		{90062AF6-B33B-4028-BF22-4A9C2028845F}.Release|x86.Build.0 = Release|Win32
		{1C167792-E95D-4D3B-B908-15B9DD36CE2E}.Debug|x64.ActiveCfg = Debug|x64
		{1C167792-E95D-4D3B-B908-15B9DD36CE2E}.Debug|x64.Build.0 = Debug|x64
		{1C167792-E95D-4D3B-B908-15B9DD36CE2E}.Debug|x86.ActiveCfg = Debug|Win32
		{1C167792-E95D-4D3B-B908-15B9DD36CE2E}.Debug|x86.Build.0 = Debug|Win32
		{1C167792-E95D-4D3B-B908-15B9DD36CE2E}.Release|x64.ActiveCfg = Release|x64
		{1C167792-E95D-4D3B-B908-15B9DD36CE2E}.Release|x64.Build.0 = Release|x64
		{1C167792-E95D-4D3B-B908-15B9DD36CE2E}.Release|x86.ActiveCfg = Release|Win32
		{1C167792-E95D-4D3B-B908-15B9DD36CE2E}.Release|x86.Build.0 = Release|Win32
	EndGlobalSection
	GlobalSection(SolutionProperties) = preSolution
		HideSolutionNode = FALSE
	EndGlobalSection
	GlobalSection(ExtensibilityGlobals) = postSolution
		SolutionGuid = {F4404BDC-3DD1-4309-A6EB-0497FC2C34F4}
	EndGlobalSection
EndGlobal
