
Microsoft Visual Studio Solution File, Format Version 12.00
# Visual Studio Version 17
VisualStudioVersion = 17.9.34701.34
MinimumVisualStudioVersion = 10.0.40219.1
Project("{8BC9CEB8-8B4A-11D0-8D11-00A0C91BC942}") = "PHANSO", "PHANSO\PHANSO.vcxproj", "{787878FA-EFFA-4F18-BBE5-B9D044AC4641}"
EndProject
Project("{8BC9CEB8-8B4A-11D0-8D11-00A0C91BC942}") = "CANDIDATE", "CANDIDATE\CANDIDATE.vcxproj", "{37C98051-6E59-44A9-A227-89A335B9945F}"
EndProject
Project("{8BC9CEB8-8B4A-11D0-8D11-00A0C91BC942}") = "SOPHUC", "SOPHUC\SOPHUC.vcxproj", "{C8B3D9E3-1432-4BF2-A84D-E511F0650ACE}"
EndProject
Project("{8BC9CEB8-8B4A-11D0-8D11-00A0C91BC942}") = "HOCSINH", "HOCSINH\HOCSINH.vcxproj", "{6BB86D66-E130-4E54-969F-425FB6DC270E}"
EndProject
Project("{8BC9CEB8-8B4A-11D0-8D11-00A0C91BC942}") = "TAMGIAC", "TAMGIAC\TAMGIAC.vcxproj", "{938F7542-D67B-40AE-A4CC-90363F890C74}"
EndProject
Project("{8BC9CEB8-8B4A-11D0-8D11-00A0C91BC942}") = "DIEM", "DIEM\DIEM.vcxproj", "{0C196086-5A85-400D-994B-FB49C56D3DDA}"
EndProject
Project("{8BC9CEB8-8B4A-11D0-8D11-00A0C91BC942}") = "PTB1", "PTB1\PTB1.vcxproj", "{10DE974D-B5E3-478B-9442-F89B34248FD1}"
EndProject
Project("{8BC9CEB8-8B4A-11D0-8D11-00A0C91BC942}") = "BANGCUUCHUONG", "BANGCUUCHUONG\BANGCUUCHUONG.vcxproj", "{269E5E48-58AC-4E85-B0BD-0F8CA9213CD7}"
EndProject
Project("{8BC9CEB8-8B4A-11D0-8D11-00A0C91BC942}") = "BAITAP_LOPBAO", "BAITAP_LOPBAO\BAITAP_LOPBAO.vcxproj", "{5297E6FA-BBAD-442C-ABEA-7576BB32A771}"
EndProject
Project("{8BC9CEB8-8B4A-11D0-8D11-00A0C91BC942}") = "OVERLOAD_TOANTU", "OVERLOAD_TOANTU\OVERLOAD_TOANTU.vcxproj", "{B98A3F92-56A4-4F80-85D3-157FEC28076D}"
EndProject
Project("{8BC9CEB8-8B4A-11D0-8D11-00A0C91BC942}") = "THUCHANHTUAN03_BAI2", "THUCHANHTUAN03_BAI2\THUCHANHTUAN03_BAI2.vcxproj", "{79ACCF02-9CAE-4613-9A03-F6A668345833}"
EndProject
Project("{8BC9CEB8-8B4A-11D0-8D11-00A0C91BC942}") = "MANG", "MANG\MANG.vcxproj", "{55D3A7A2-6C8A-418B-9C64-65CE0978CE06}"
EndProject
Global
	GlobalSection(SolutionConfigurationPlatforms) = preSolution
		Debug|x64 = Debug|x64
		Debug|x86 = Debug|x86
		Release|x64 = Release|x64
		Release|x86 = Release|x86
	EndGlobalSection
	GlobalSection(ProjectConfigurationPlatforms) = postSolution
		{787878FA-EFFA-4F18-BBE5-B9D044AC4641}.Debug|x64.ActiveCfg = Debug|x64
		{787878FA-EFFA-4F18-BBE5-B9D044AC4641}.Debug|x64.Build.0 = Debug|x64
		{787878FA-EFFA-4F18-BBE5-B9D044AC4641}.Debug|x86.ActiveCfg = Debug|Win32
		{787878FA-EFFA-4F18-BBE5-B9D044AC4641}.Debug|x86.Build.0 = Debug|Win32
		{787878FA-EFFA-4F18-BBE5-B9D044AC4641}.Release|x64.ActiveCfg = Release|x64
		{787878FA-EFFA-4F18-BBE5-B9D044AC4641}.Release|x64.Build.0 = Release|x64
		{787878FA-EFFA-4F18-BBE5-B9D044AC4641}.Release|x86.ActiveCfg = Release|Win32
		{787878FA-EFFA-4F18-BBE5-B9D044AC4641}.Release|x86.Build.0 = Release|Win32
		{37C98051-6E59-44A9-A227-89A335B9945F}.Debug|x64.ActiveCfg = Debug|x64
		{37C98051-6E59-44A9-A227-89A335B9945F}.Debug|x64.Build.0 = Debug|x64
		{37C98051-6E59-44A9-A227-89A335B9945F}.Debug|x86.ActiveCfg = Debug|Win32
		{37C98051-6E59-44A9-A227-89A335B9945F}.Debug|x86.Build.0 = Debug|Win32
		{37C98051-6E59-44A9-A227-89A335B9945F}.Release|x64.ActiveCfg = Release|x64
		{37C98051-6E59-44A9-A227-89A335B9945F}.Release|x64.Build.0 = Release|x64
		{37C98051-6E59-44A9-A227-89A335B9945F}.Release|x86.ActiveCfg = Release|Win32
		{37C98051-6E59-44A9-A227-89A335B9945F}.Release|x86.Build.0 = Release|Win32
		{C8B3D9E3-1432-4BF2-A84D-E511F0650ACE}.Debug|x64.ActiveCfg = Debug|x64
		{C8B3D9E3-1432-4BF2-A84D-E511F0650ACE}.Debug|x64.Build.0 = Debug|x64
		{C8B3D9E3-1432-4BF2-A84D-E511F0650ACE}.Debug|x86.ActiveCfg = Debug|Win32
		{C8B3D9E3-1432-4BF2-A84D-E511F0650ACE}.Debug|x86.Build.0 = Debug|Win32
		{C8B3D9E3-1432-4BF2-A84D-E511F0650ACE}.Release|x64.ActiveCfg = Release|x64
		{C8B3D9E3-1432-4BF2-A84D-E511F0650ACE}.Release|x64.Build.0 = Release|x64
		{C8B3D9E3-1432-4BF2-A84D-E511F0650ACE}.Release|x86.ActiveCfg = Release|Win32
		{C8B3D9E3-1432-4BF2-A84D-E511F0650ACE}.Release|x86.Build.0 = Release|Win32
		{6BB86D66-E130-4E54-969F-425FB6DC270E}.Debug|x64.ActiveCfg = Debug|x64
		{6BB86D66-E130-4E54-969F-425FB6DC270E}.Debug|x64.Build.0 = Debug|x64
		{6BB86D66-E130-4E54-969F-425FB6DC270E}.Debug|x86.ActiveCfg = Debug|Win32
		{6BB86D66-E130-4E54-969F-425FB6DC270E}.Debug|x86.Build.0 = Debug|Win32
		{6BB86D66-E130-4E54-969F-425FB6DC270E}.Release|x64.ActiveCfg = Release|x64
		{6BB86D66-E130-4E54-969F-425FB6DC270E}.Release|x64.Build.0 = Release|x64
		{6BB86D66-E130-4E54-969F-425FB6DC270E}.Release|x86.ActiveCfg = Release|Win32
		{6BB86D66-E130-4E54-969F-425FB6DC270E}.Release|x86.Build.0 = Release|Win32
		{938F7542-D67B-40AE-A4CC-90363F890C74}.Debug|x64.ActiveCfg = Debug|x64
		{938F7542-D67B-40AE-A4CC-90363F890C74}.Debug|x64.Build.0 = Debug|x64
		{938F7542-D67B-40AE-A4CC-90363F890C74}.Debug|x86.ActiveCfg = Debug|Win32
		{938F7542-D67B-40AE-A4CC-90363F890C74}.Debug|x86.Build.0 = Debug|Win32
		{938F7542-D67B-40AE-A4CC-90363F890C74}.Release|x64.ActiveCfg = Release|x64
		{938F7542-D67B-40AE-A4CC-90363F890C74}.Release|x64.Build.0 = Release|x64
		{938F7542-D67B-40AE-A4CC-90363F890C74}.Release|x86.ActiveCfg = Release|Win32
		{938F7542-D67B-40AE-A4CC-90363F890C74}.Release|x86.Build.0 = Release|Win32
		{0C196086-5A85-400D-994B-FB49C56D3DDA}.Debug|x64.ActiveCfg = Debug|x64
		{0C196086-5A85-400D-994B-FB49C56D3DDA}.Debug|x64.Build.0 = Debug|x64
		{0C196086-5A85-400D-994B-FB49C56D3DDA}.Debug|x86.ActiveCfg = Debug|Win32
		{0C196086-5A85-400D-994B-FB49C56D3DDA}.Debug|x86.Build.0 = Debug|Win32
		{0C196086-5A85-400D-994B-FB49C56D3DDA}.Release|x64.ActiveCfg = Release|x64
		{0C196086-5A85-400D-994B-FB49C56D3DDA}.Release|x64.Build.0 = Release|x64
		{0C196086-5A85-400D-994B-FB49C56D3DDA}.Release|x86.ActiveCfg = Release|Win32
		{0C196086-5A85-400D-994B-FB49C56D3DDA}.Release|x86.Build.0 = Release|Win32
		{10DE974D-B5E3-478B-9442-F89B34248FD1}.Debug|x64.ActiveCfg = Debug|x64
		{10DE974D-B5E3-478B-9442-F89B34248FD1}.Debug|x64.Build.0 = Debug|x64
		{10DE974D-B5E3-478B-9442-F89B34248FD1}.Debug|x86.ActiveCfg = Debug|Win32
		{10DE974D-B5E3-478B-9442-F89B34248FD1}.Debug|x86.Build.0 = Debug|Win32
		{10DE974D-B5E3-478B-9442-F89B34248FD1}.Release|x64.ActiveCfg = Release|x64
		{10DE974D-B5E3-478B-9442-F89B34248FD1}.Release|x64.Build.0 = Release|x64
		{10DE974D-B5E3-478B-9442-F89B34248FD1}.Release|x86.ActiveCfg = Release|Win32
		{10DE974D-B5E3-478B-9442-F89B34248FD1}.Release|x86.Build.0 = Release|Win32
		{269E5E48-58AC-4E85-B0BD-0F8CA9213CD7}.Debug|x64.ActiveCfg = Debug|x64
		{269E5E48-58AC-4E85-B0BD-0F8CA9213CD7}.Debug|x64.Build.0 = Debug|x64
		{269E5E48-58AC-4E85-B0BD-0F8CA9213CD7}.Debug|x86.ActiveCfg = Debug|Win32
		{269E5E48-58AC-4E85-B0BD-0F8CA9213CD7}.Debug|x86.Build.0 = Debug|Win32
		{269E5E48-58AC-4E85-B0BD-0F8CA9213CD7}.Release|x64.ActiveCfg = Release|x64
		{269E5E48-58AC-4E85-B0BD-0F8CA9213CD7}.Release|x64.Build.0 = Release|x64
		{269E5E48-58AC-4E85-B0BD-0F8CA9213CD7}.Release|x86.ActiveCfg = Release|Win32
		{269E5E48-58AC-4E85-B0BD-0F8CA9213CD7}.Release|x86.Build.0 = Release|Win32
		{5297E6FA-BBAD-442C-ABEA-7576BB32A771}.Debug|x64.ActiveCfg = Debug|x64
		{5297E6FA-BBAD-442C-ABEA-7576BB32A771}.Debug|x64.Build.0 = Debug|x64
		{5297E6FA-BBAD-442C-ABEA-7576BB32A771}.Debug|x86.ActiveCfg = Debug|Win32
		{5297E6FA-BBAD-442C-ABEA-7576BB32A771}.Debug|x86.Build.0 = Debug|Win32
		{5297E6FA-BBAD-442C-ABEA-7576BB32A771}.Release|x64.ActiveCfg = Release|x64
		{5297E6FA-BBAD-442C-ABEA-7576BB32A771}.Release|x64.Build.0 = Release|x64
		{5297E6FA-BBAD-442C-ABEA-7576BB32A771}.Release|x86.ActiveCfg = Release|Win32
		{5297E6FA-BBAD-442C-ABEA-7576BB32A771}.Release|x86.Build.0 = Release|Win32
		{B98A3F92-56A4-4F80-85D3-157FEC28076D}.Debug|x64.ActiveCfg = Debug|x64
		{B98A3F92-56A4-4F80-85D3-157FEC28076D}.Debug|x64.Build.0 = Debug|x64
		{B98A3F92-56A4-4F80-85D3-157FEC28076D}.Debug|x86.ActiveCfg = Debug|Win32
		{B98A3F92-56A4-4F80-85D3-157FEC28076D}.Debug|x86.Build.0 = Debug|Win32
		{B98A3F92-56A4-4F80-85D3-157FEC28076D}.Release|x64.ActiveCfg = Release|x64
		{B98A3F92-56A4-4F80-85D3-157FEC28076D}.Release|x64.Build.0 = Release|x64
		{B98A3F92-56A4-4F80-85D3-157FEC28076D}.Release|x86.ActiveCfg = Release|Win32
		{B98A3F92-56A4-4F80-85D3-157FEC28076D}.Release|x86.Build.0 = Release|Win32
		{79ACCF02-9CAE-4613-9A03-F6A668345833}.Debug|x64.ActiveCfg = Debug|x64
		{79ACCF02-9CAE-4613-9A03-F6A668345833}.Debug|x64.Build.0 = Debug|x64
		{79ACCF02-9CAE-4613-9A03-F6A668345833}.Debug|x86.ActiveCfg = Debug|Win32
		{79ACCF02-9CAE-4613-9A03-F6A668345833}.Debug|x86.Build.0 = Debug|Win32
		{79ACCF02-9CAE-4613-9A03-F6A668345833}.Release|x64.ActiveCfg = Release|x64
		{79ACCF02-9CAE-4613-9A03-F6A668345833}.Release|x64.Build.0 = Release|x64
		{79ACCF02-9CAE-4613-9A03-F6A668345833}.Release|x86.ActiveCfg = Release|Win32
		{79ACCF02-9CAE-4613-9A03-F6A668345833}.Release|x86.Build.0 = Release|Win32
		{55D3A7A2-6C8A-418B-9C64-65CE0978CE06}.Debug|x64.ActiveCfg = Debug|x64
		{55D3A7A2-6C8A-418B-9C64-65CE0978CE06}.Debug|x64.Build.0 = Debug|x64
		{55D3A7A2-6C8A-418B-9C64-65CE0978CE06}.Debug|x86.ActiveCfg = Debug|Win32
		{55D3A7A2-6C8A-418B-9C64-65CE0978CE06}.Debug|x86.Build.0 = Debug|Win32
		{55D3A7A2-6C8A-418B-9C64-65CE0978CE06}.Release|x64.ActiveCfg = Release|x64
		{55D3A7A2-6C8A-418B-9C64-65CE0978CE06}.Release|x64.Build.0 = Release|x64
		{55D3A7A2-6C8A-418B-9C64-65CE0978CE06}.Release|x86.ActiveCfg = Release|Win32
		{55D3A7A2-6C8A-418B-9C64-65CE0978CE06}.Release|x86.Build.0 = Release|Win32
	EndGlobalSection
	GlobalSection(SolutionProperties) = preSolution
		HideSolutionNode = FALSE
	EndGlobalSection
	GlobalSection(ExtensibilityGlobals) = postSolution
		SolutionGuid = {1441FA6E-5629-4E47-B345-26202355E4F0}
	EndGlobalSection
EndGlobal
